
Microsoft Visual Studio Solution File, Format Version 12.00
# Visual Studio 15
VisualStudioVersion = 15.0.28307.572
MinimumVisualStudioVersion = 10.0.40219.1
Project("{FAE04EC0-301F-11D3-BF4B-00C04F79EFBC}") = "GodConnectUI", "GodConnectUI\GodConnectUI.csproj", "{DB00EE28-6F73-4A69-9514-1752E9C40C63}"
EndProject
Project("{FAE04EC0-301F-11D3-BF4B-00C04F79EFBC}") = "GodConnectUI.DAL", "GodConnectUI.DAL\GodConnectUI.DAL.csproj", "{71799798-94BE-4B63-8833-FD82C52861EC}"
EndProject
Project("{FAE04EC0-301F-11D3-BF4B-00C04F79EFBC}") = "GodConnectUI.BAL", "GodConnectUI.BAL\GodConnectUI.BAL.csproj", "{1CA78984-CC27-4199-A957-E8F27B80A8B0}"
EndProject
Project("{FAE04EC0-301F-11D3-BF4B-00C04F79EFBC}") = "GodConnectUI.Compnents", "GodConnectUI.Compnents\GodConnectUI.Compnents.csproj", "{6E7807C0-2B27-4B94-9E5D-E934C41FCDA0}"
EndProject
Global
	GlobalSection(SolutionConfigurationPlatforms) = preSolution
		Debug|Any CPU = Debug|Any CPU
		Release|Any CPU = Release|Any CPU
	EndGlobalSection
	GlobalSection(ProjectConfigurationPlatforms) = postSolution
		{DB00EE28-6F73-4A69-9514-1752E9C40C63}.Debug|Any CPU.ActiveCfg = Debug|Any CPU
		{DB00EE28-6F73-4A69-9514-1752E9C40C63}.Debug|Any CPU.Build.0 = Debug|Any CPU
		{DB00EE28-6F73-4A69-9514-1752E9C40C63}.Release|Any CPU.ActiveCfg = Release|Any CPU
		{DB00EE28-6F73-4A69-9514-1752E9C40C63}.Release|Any CPU.Build.0 = Release|Any CPU
		{71799798-94BE-4B63-8833-FD82C52861EC}.Debug|Any CPU.ActiveCfg = Debug|Any CPU
		{71799798-94BE-4B63-8833-FD82C52861EC}.Debug|Any CPU.Build.0 = Debug|Any CPU
		{71799798-94BE-4B63-8833-FD82C52861EC}.Release|Any CPU.ActiveCfg = Release|Any CPU
		{71799798-94BE-4B63-8833-FD82C52861EC}.Release|Any CPU.Build.0 = Release|Any CPU
		{1CA78984-CC27-4199-A957-E8F27B80A8B0}.Debug|Any CPU.ActiveCfg = Debug|Any CPU
		{1CA78984-CC27-4199-A957-E8F27B80A8B0}.Debug|Any CPU.Build.0 = Debug|Any CPU
		{1CA78984-CC27-4199-A957-E8F27B80A8B0}.Release|Any CPU.ActiveCfg = Release|Any CPU
		{1CA78984-CC27-4199-A957-E8F27B80A8B0}.Release|Any CPU.Build.0 = Release|Any CPU
		{6E7807C0-2B27-4B94-9E5D-E934C41FCDA0}.Debug|Any CPU.ActiveCfg = Debug|Any CPU
		{6E7807C0-2B27-4B94-9E5D-E934C41FCDA0}.Debug|Any CPU.Build.0 = Debug|Any CPU
		{6E7807C0-2B27-4B94-9E5D-E934C41FCDA0}.Release|Any CPU.ActiveCfg = Release|Any CPU
		{6E7807C0-2B27-4B94-9E5D-E934C41FCDA0}.Release|Any CPU.Build.0 = Release|Any CPU
	EndGlobalSection
	GlobalSection(SolutionProperties) = preSolution
		HideSolutionNode = FALSE
	EndGlobalSection
	GlobalSection(ExtensibilityGlobals) = postSolution
		SolutionGuid = {A8A5C86D-4124-4032-8D42-B4A8093913AD}
	EndGlobalSection
EndGlobal
